Microsoft Visual Studio Solution File, Format Version 12.00
# Visual Studio Version 17
VisualStudioVersion = 17.5.2.0
MinimumVisualStudioVersion = 10.0.40219.1
Project("{FAE04EC0-301F-11D3-BF4B-00C04F79EFBC}") = "MovieBooking", "MovieBooking\MovieBooking.csproj", "{6E1B6053-D41F-EA8A-BAA5-004151CE969B}"
EndProject
Global
	GlobalSection(SolutionConfigurationPlatforms) = preSolution
		Debug|Any CPU = Debug|Any CPU
		Release|Any CPU = Release|Any CPU
	EndGlobalSection
	GlobalSection(ProjectConfigurationPlatforms) = postSolution
		{6E1B6053-D41F-EA8A-BAA5-004151CE969B}.Debug|Any CPU.ActiveCfg = Debug|Any CPU
		{6E1B6053-D41F-EA8A-BAA5-004151CE969B}.Debug|Any CPU.Build.0 = Debug|Any CPU
		{6E1B6053-D41F-EA8A-BAA5-004151CE969B}.Release|Any CPU.ActiveCfg = Release|Any CPU
		{6E1B6053-D41F-EA8A-BAA5-004151CE969B}.Release|Any CPU.Build.0 = Release|Any CPU
	EndGlobalSection
	GlobalSection(SolutionProperties) = preSolution
		HideSolutionNode = FALSE
	EndGlobalSection
	GlobalSection(ExtensibilityGlobals) = postSolution
		SolutionGuid = {542D080C-69A4-4FAB-AFDF-1CD660BF58CC}
	EndGlobalSection
EndGlobal
